lockfileVersion: '6.0'

settings:
  autoInstallPeers: true
  excludeLinksFromLockfile: false

dependencies:
  '@jsdevtools/ez-spawn':
    specifier: ^3.0.4
    version: 3.0.4
  consola:
    specifier: ^3.2.3
    version: 3.2.3
  prompts:
    specifier: ^2.4.2
    version: 2.4.2

devDependencies:
  typescript:
    specifier: ^5.3.3
    version: 5.3.3

packages:

  /@jsdevtools/ez-spawn@3.0.4:
    resolution: {integrity: sha512-f5DRIOZf7wxogefH03RjMPMdBF7ADTWUMoOs9kaJo06EfwF+aFhMZMDZxHg/Xe12hptN9xoZjGso2fdjapBRIA==}
    engines: {node: '>=10'}
    dependencies:
      call-me-maybe: 1.0.2
      cross-spawn: 7.0.3
      string-argv: 0.3.2
      type-detect: 4.0.8
    dev: false

  /call-me-maybe@1.0.2:
    resolution: {integrity: sha512-HpX65o1Hnr9HH25ojC1YGs7HCQLq0GCOibSaWER0eNpgJ/Z1MZv2mTc7+xh6WOPxbRVcmgbv4hGU+uSQ/2xFZQ==}
    dev: false

  /consola@3.2.3:
    resolution: {integrity: sha512-I5qxpzLv+sJhTVEoLYNcTW+bThDCPsit0vLNKShZx6rLtpilNpmmeTPaeqJb9ZE9dV3DGaeby6Vuhrw38WjeyQ==}
    engines: {node: ^14.18.0 || >=16.10.0}
    dev: false

  /cross-spawn@7.0.3:
    resolution: {integrity: sha512-iRDPJKUPVEND7dHPO8rkbOnPpyDygcDFtWjpeWNCgy8WP2rXcxXL8TskReQl6OrB2G7+UJrags1q15Fudc7G6w==}
    engines: {node: '>= 8'}
    dependencies:
      path-key: 3.1.1
      shebang-command: 2.0.0
      which: 2.0.2
    dev: false

  /isexe@2.0.0:
    resolution: {integrity: sha512-RHxMLp9lnKHGHRng9QFhRCMbYAcVpn69smSGcq3f36xjgVVWThj4qqLbTLlq7Ssj8B+fIQ1EuCEGI2lKsyQeIw==}
    dev: false

  /kleur@3.0.3:
    resolution: {integrity: sha512-eTIzlVOSUR+JxdDFepEYcBMtZ9Qqdef+rnzWdRZuMbOywu5tO2w2N7rqjoANZ5k9vywhL6Br1VRjUIgTQx4E8w==}
    engines: {node: '>=6'}
    dev: false

  /path-key@3.1.1:
    resolution: {integrity: sha512-ojmeN0qd+y0jszEtoY48r0Peq5dwMEkIlCOu6Q5f41lfkswXuKtYrhgoTpLnyIcHm24Uhqx+5Tqm2InSwLhE6Q==}
    engines: {node: '>=8'}
    dev: false

  /prompts@2.4.2:
    resolution: {integrity: sha512-NxNv/kLguCA7p3jE8oL2aEBsrJWgAakBpgmgK6lpPWV+WuOmY6r2/zbAVnP+T8bQlA0nzHXSJSJW0Hq7ylaD2Q==}
    engines: {node: '>= 6'}
    dependencies:
      kleur: 3.0.3
      sisteransi: 1.0.5
    dev: false

  /shebang-command@2.0.0:
    resolution: {integrity: sha512-kHxr2zZpYtdmrN1qDjrrX/Z1rR1kG8Dx+gkpK1G4eXmvXswmcE1hTWBWYUzlraYw1/yZp6YuDY77YtvbN0dmDA==}
    engines: {node: '>=8'}
    dependencies:
      shebang-regex: 3.0.0
    dev: false

  /shebang-regex@3.0.0:
    resolution: {integrity: sha512-7++dFhtcx3353uBaq8DDR4NuxBetBzC7ZQOhmTQInHEd6bSrXdiEyzCvG07Z44UYdLShWUyXt5M/yhz8ekcb1A==}
    engines: {node: '>=8'}
    dev: false

  /sisteransi@1.0.5:
    resolution: {integrity: sha512-bLGGlR1QxBcynn2d5YmDX4MGjlZvy2MRBDRNHLJ8VI6l6+9FUiyTFNJ0IveOSP0bcXgVDPRcfGqA0pjaqUpfVg==}
    dev: false

  /string-argv@0.3.2:
    resolution: {integrity: sha512-aqD2Q0144Z+/RqG52NeHEkZauTAUWJO8c6yTftGJKO3Tja5tUgIfmIl6kExvhtxSDP7fXB6DvzkfMpCd/F3G+Q==}
    engines: {node: '>=0.6.19'}
    dev: false

  /type-detect@4.0.8:
    resolution: {integrity: sha512-0fr/mIH1dlO+x7TlcMy+bIDqKPsw/70tVyeHW787goQjhmqaZe10uwLujubK9q9Lg6Fiho1KUKDYz0Z7k7g5/g==}
    engines: {node: '>=4'}
    dev: false

  /typescript@5.3.3:
    resolution: {integrity: sha512-pXWcraxM0uxAS+tN0AG/BF2TyqmHO014Z070UsJ+pFvYuRSq8KH8DmWpnbXe0pEPDHXZV3FcAbJkijJ5oNEnWw==}
    engines: {node: '>=14.17'}
    hasBin: true
    dev: true

  /which@2.0.2:
    resolution: {integrity: sha512-BLI3Tl1TW3Pvl70l3yq3Y64i+awpwXqsGBYWkkqMtnbXgrMD+yj7rhW0kuEDxzJaYXGjEW5ogapKNMEKNMjibA==}
    engines: {node: '>= 8'}
    hasBin: true
    dependencies:
      isexe: 2.0.0
    dev: false
